
Microsoft Visual Studio Solution File, Format Version 12.00
# Visual Studio Version 17
VisualStudioVersion = 17.8.34309.116
MinimumVisualStudioVersion = 10.0.40219.1
Project("{FAE04EC0-301F-11D3-BF4B-00C04F79EFBC}") = "MyObjectPool", "MyObjectPool\MyObjectPool.csproj", "{2243C001-69DB-46BA-B6DC-3F1FEE38C48E}"
EndProject
Global
	GlobalSection(SolutionConfigurationPlatforms) = preSolution
		Debug|Any CPU = Debug|Any CPU
		Release|Any CPU = Release|Any CPU
	EndGlobalSection
	GlobalSection(ProjectConfigurationPlatforms) = postSolution
		{2243C001-69DB-46BA-B6DC-3F1FEE38C48E}.Debug|Any CPU.ActiveCfg = Debug|Any CPU
		{2243C001-69DB-46BA-B6DC-3F1FEE38C48E}.Debug|Any CPU.Build.0 = Debug|Any CPU
		{2243C001-69DB-46BA-B6DC-3F1FEE38C48E}.Release|Any CPU.ActiveCfg = Release|Any CPU
		{2243C001-69DB-46BA-B6DC-3F1FEE38C48E}.Release|Any CPU.Build.0 = Release|Any CPU
	EndGlobalSection
	GlobalSection(SolutionProperties) = preSolution
		HideSolutionNode = FALSE
	EndGlobalSection
	GlobalSection(ExtensibilityGlobals) = postSolution
		SolutionGuid = {768641C3-F4E4-42BC-B0FF-721CCB76078D}
	EndGlobalSection
EndGlobal
